
Microsoft Visual Studio Solution File, Format Version 12.00
# Visual Studio 2017
Project("{FAE04EC0-301F-11D3-BF4B-00C04F79EFBC}") = "match-3", "match-3.csproj", "{008EE836-04FC-3397-302D-720E555F0A1B}"
EndProject
Project("{FAE04EC0-301F-11D3-BF4B-00C04F79EFBC}") = "ModelsMatch3", "..\ModelsMatch3\ModelsMatch3.csproj", "{5830D498-FD3A-4DDF-A9C7-285D8449A9A3}"
EndProject
Global
	GlobalSection(SolutionConfigurationPlatforms) = preSolution
		Debug|Any CPU = Debug|Any CPU
		Release|Any CPU = Release|Any CPU
	EndGlobalSection
	GlobalSection(ProjectConfigurationPlatforms) = postSolution
		{008EE836-04FC-3397-302D-720E555F0A1B}.Debug|Any CPU.ActiveCfg = Debug|Any CPU
		{008EE836-04FC-3397-302D-720E555F0A1B}.Debug|Any CPU.Build.0 = Debug|Any CPU
		{008EE836-04FC-3397-302D-720E555F0A1B}.Release|Any CPU.ActiveCfg = Release|Any CPU
		{008EE836-04FC-3397-302D-720E555F0A1B}.Release|Any CPU.Build.0 = Release|Any CPU
		{5830D498-FD3A-4DDF-A9C7-285D8449A9A3}.Debug|Any CPU.ActiveCfg = Debug|Any CPU
		{5830D498-FD3A-4DDF-A9C7-285D8449A9A3}.Debug|Any CPU.Build.0 = Debug|Any CPU
		{5830D498-FD3A-4DDF-A9C7-285D8449A9A3}.Release|Any CPU.ActiveCfg = Release|Any CPU
		{5830D498-FD3A-4DDF-A9C7-285D8449A9A3}.Release|Any CPU.Build.0 = Release|Any CPU
	EndGlobalSection
	GlobalSection(SolutionProperties) = preSolution
		HideSolutionNode = FALSE
	EndGlobalSection
EndGlobal
